{
  "name": "google-maps-manager",
  "version": "1.0.0",
  "lockfileVersion": 1,
  "requires": true,
  "dependencies": {
    "@google/markerclusterer": {
      "version": "1.0.3",
      "resolved": "https://registry.npmjs.org/@google/markerclusterer/-/markerclusterer-1.0.3.tgz",
      "integrity": "sha512-/fRbSPyQKnm43zRnoyMerbiGS3vG3WkZiLgpBF3ovoLO84sKhEAzKMVcyozy/khEHlZoMJ9Axkr0NRVJRAQhcg=="
    },
    "@types/googlemaps": {
      "version": "3.30.18",
      "resolved": "https://registry.npmjs.org/@types/googlemaps/-/googlemaps-3.30.18.tgz",
      "integrity": "sha512-rXYs277SHf7ceAR7RSoGh/fkYvy2eBl5mvmMlUEcPMMkwCP9XkFdwrtDZ4OGeEawOfnwauu/yoi0eTpfGp4MPg==",
      "dev": true
    }
  }
}
